
Microsoft Visual Studio Solution File, Format Version 12.00
# Visual Studio Version 17
VisualStudioVersion = 17.0.31903.59
MinimumVisualStudioVersion = 10.0.40219.1
Project("{9A19103F-16F7-4668-BE54-9A1E7A4F7556}") = "RazorTest", "RazorTest.csproj", "{0B289B6C-C9C3-49DD-B6F4-D9F3C6E4A518}"
EndProject
Global
	GlobalSection(SolutionConfigurationPlatforms) = preSolution
		Debug|Any CPU = Debug|Any CPU
		Release|Any CPU = Release|Any CPU
	EndGlobalSection
	GlobalSection(ProjectConfigurationPlatforms) = postSolution
		{0B289B6C-C9C3-49DD-B6F4-D9F3C6E4A518}.Debug|Any CPU.ActiveCfg = Debug|Any CPU
		{0B289B6C-C9C3-49DD-B6F4-D9F3C6E4A518}.Debug|Any CPU.Build.0 = Debug|Any CPU
		{0B289B6C-C9C3-49DD-B6F4-D9F3C6E4A518}.Release|Any CPU.ActiveCfg = Release|Any CPU
		{0B289B6C-C9C3-49DD-B6F4-D9F3C6E4A518}.Release|Any CPU.Build.0 = Release|Any CPU
	EndGlobalSection
	GlobalSection(SolutionProperties) = preSolution
		HideSolutionNode = FALSE
	EndGlobalSection
	GlobalSection(ExtensibilityGlobals) = postSolution
		SolutionGuid = {B51D16D0-FB21-46C5-92C8-BFB8AA0C8C22}
	EndGlobalSection
EndGlobal
